// !$*UTF8*$!
{
	archiveVersion = 1;
	classes = {
	};
	objectVersion = 55;
	objects = {

/* Begin PBXBuildFile section */
		01643EA52890D17B00B1E8C8 /* AppDelegate.swift in Sources */ = {isa = PBXBuildFile; fileRef = 01643EA42890D17B00B1E8C8 /* AppDelegate.swift */; };
		01643EA72890D17B00B1E8C8 /* SceneDelegate.swift in Sources */ = {isa = PBXBuildFile; fileRef = 01643EA62890D17B00B1E8C8 /* SceneDelegate.swift */; };
		01643EA92890D17B00B1E8C8 /* ViewController.swift in Sources */ = {isa = PBXBuildFile; fileRef = 01643EA82890D17B00B1E8C8 /* ViewController.swift */; };
		01643EAC2890D17B00B1E8C8 /* Main.storyboard in Resources */ = {isa = PBXBuildFile; fileRef = 01643EAA2890D17B00B1E8C8 /* Main.storyboard */; };
		01643EAE2890D17D00B1E8C8 /* Assets.xcassets in Resources */ = {isa = PBXBuildFile; fileRef = 01643EAD2890D17D00B1E8C8 /* Assets.xcassets */; };
		01643EB12890D17D00B1E8C8 /* LaunchScreen.storyboard in Resources */ = {isa = PBXBuildFile; fileRef = 01643EAF2890D17D00B1E8C8 /* LaunchScreen.storyboard */; };
		01643EB92890D1AB00B1E8C8 /* DataService.swift in Sources */ = {isa = PBXBuildFile; fileRef = 01643EB82890D1AB00B1E8C8 /* DataService.swift */; };
		01643EBB2890D93B00B1E8C8 /* DataServicePractice.swift in Sources */ = {isa = PBXBuildFile; fileRef = 01643EBA2890D93B00B1E8C8 /* DataServicePractice.swift */; };
/* End PBXBuildFile section */

/* Begin PBXFileReference section */
		01643EA12890D17B00B1E8C8 /* RESThub.app */ = {isa = PBXFileReference; explicitFileType = wrapper.application; includeInIndex = 0; path = RESThub.app; sourceTree = BUILT_PRODUCTS_DIR; };
		01643EA42890D17B00B1E8C8 /* AppDelegate.swift */ = {isa = PBXFileReference; lastKnownFileType = sourcecode.swift; path = AppDelegate.swift; sourceTree = "<group>"; };
		01643EA62890D17B00B1E8C8 /* SceneDelegate.swift */ = {isa = PBXFileReference; lastKnownFileType = sourcecode.swift; path = SceneDelegate.swift; sourceTree = "<group>"; };
		01643EA82890D17B00B1E8C8 /* ViewController.swift */ = {isa = PBXFileReference; lastKnownFileType = sourcecode.swift; path = ViewController.swift; sourceTree = "<group>"; };
		01643EAB2890D17B00B1E8C8 /* Base */ = {isa = PBXFileReference; lastKnownFileType = file.storyboard; name = Base; path = Base.lproj/Main.storyboard; sourceTree = "<group>"; };
		01643EAD2890D17D00B1E8C8 /* Assets.xcassets */ = {isa = PBXFileReference; lastKnownFileType = folder.assetcatalog; path = Assets.xcassets; sourceTree = "<group>"; };
		01643EB02890D17D00B1E8C8 /* Base */ = {isa = PBXFileReference; lastKnownFileType = file.storyboard; name = Base; path = Base.lproj/LaunchScreen.storyboard; sourceTree = "<group>"; };
		01643EB22890D17D00B1E8C8 /* Info.plist */ = {isa = PBXFileReference; lastKnownFileType = text.plist.xml; path = Info.plist; sourceTree = "<group>"; };
		01643EB82890D1AB00B1E8C8 /* DataService.swift */ = {isa = PBXFileReference; lastKnownFileType = sourcecode.swift; path = DataService.swift; sourceTree = "<group>"; };
		01643EBA2890D93B00B1E8C8 /* DataServicePractice.swift */ = {isa = PBXFileReference; lastKnownFileType = sourcecode.swift; path = DataServicePractice.swift; sourceTree = "<group>"; };
/* End PBXFileReference section */

/* Begin PBXFrameworksBuildPhase section */
		01643E9E2890D17B00B1E8C8 /* Frameworks */ = {
			isa = PBXFrameworksBuildPhase;
			buildActionMask = 2147483647;
			files = (
			);
			runOnlyForDeploymentPostprocessing = 0;
		};
/* End PBXFrameworksBuildPhase section */

/* Begin PBXGroup section */
		01643E982890D17B00B1E8C8 = {
			isa = PBXGroup;
			children = (
				01643EA32890D17B00B1E8C8 /* RESThub */,
				01643EA22890D17B00B1E8C8 /* Products */,
			);
			sourceTree = "<group>";
		};
		01643EA22890D17B00B1E8C8 /* Products */ = {
			isa = PBXGroup;
			children = (
				01643EA12890D17B00B1E8C8 /* RESThub.app */,
			);
			name = Products;
			sourceTree = "<group>";
		};
		01643EA32890D17B00B1E8C8 /* RESThub */ = {
			isa = PBXGroup;
			children = (
				01643EA42890D17B00B1E8C8 /* AppDelegate.swift */,
				01643EA62890D17B00B1E8C8 /* SceneDelegate.swift */,
				01643EA82890D17B00B1E8C8 /* ViewController.swift */,
				01643EAA2890D17B00B1E8C8 /* Main.storyboard */,
				01643EAD2890D17D00B1E8C8 /* Assets.xcassets */,
				01643EAF2890D17D00B1E8C8 /* LaunchScreen.storyboard */,
				01643EB22890D17D00B1E8C8 /* Info.plist */,
				01643EB82890D1AB00B1E8C8 /* DataService.swift */,
				01643EBA2890D93B00B1E8C8 /* DataServicePractice.swift */,
			);
			path = RESThub;
			sourceTree = "<group>";
		};
/* End PBXGroup section */

/* Begin PBXNativeTarget section */
		01643EA02890D17B00B1E8C8 /* RESThub */ = {
			isa = PBXNativeTarget;
			buildConfigurationList = 01643EB52890D17D00B1E8C8 /* Build configuration list for PBXNativeTarget "RESThub" */;
			buildPhases = (
				01643E9D2890D17B00B1E8C8 /* Sources */,
				01643E9E2890D17B00B1E8C8 /* Frameworks */,
				01643E9F2890D17B00B1E8C8 /* Resources */,
			);
			buildRules = (
			);
			dependencies = (
			);
			name = RESThub;
			productName = RESThub;
			productReference = 01643EA12890D17B00B1E8C8 /* RESThub.app */;
			productType = "com.apple.product-type.application";
		};
/* End PBXNativeTarget section */

/* Begin PBXProject section */
		01643E992890D17B00B1E8C8 /* Project object */ = {
			isa = PBXProject;
			attributes = {
				BuildIndependentTargetsInParallel = 1;
				LastSwiftUpdateCheck = 1320;
				LastUpgradeCheck = 1320;
				TargetAttributes = {
					01643EA02890D17B00B1E8C8 = {
						CreatedOnToolsVersion = 13.2;
					};
				};
			};
			buildConfigurationList = 01643E9C2890D17B00B1E8C8 /* Build configuration list for PBXProject "RESThub" */;
			compatibilityVersion = "Xcode 13.0";
			developmentRegion = en;
			hasScannedForEncodings = 0;
			knownRegions = (
				en,
				Base,
			);
			mainGroup = 01643E982890D17B00B1E8C8;
			productRefGroup = 01643EA22890D17B00B1E8C8 /* Products */;
			projectDirPath = "";
			projectRoot = "";
			targets = (
				01643EA02890D17B00B1E8C8 /* RESThub */,
			);
		};
/* End PBXProject section */

/* Begin PBXResourcesBuildPhase section */
		01643E9F2890D17B00B1E8C8 /* Resources */ = {
			isa = PBXResourcesBuildPhase;
			buildActionMask = 2147483647;
			files = (
				01643EB12890D17D00B1E8C8 /* LaunchScreen.storyboard in Resources */,
				01643EAE2890D17D00B1E8C8 /* Assets.xcassets in Resources */,
				01643EAC2890D17B00B1E8C8 /* Main.storyboard in Resources */,
			);
			runOnlyForDeploymentPostprocessing = 0;
		};
/* End PBXResourcesBuildPhase section */

/* Begin PBXSourcesBuildPhase section */
		01643E9D2890D17B00B1E8C8 /* Sources */ = {
			isa = PBXSourcesBuildPhase;
			buildActionMask = 2147483647;
			files = (
				01643EA92890D17B00B1E8C8 /* ViewController.swift in Sources */,
				01643EBB2890D93B00B1E8C8 /* DataServicePractice.swift in Sources */,
				01643EA52890D17B00B1E8C8 /* AppDelegate.swift in Sources */,
				01643EA72890D17B00B1E8C8 /* SceneDelegate.swift in Sources */,
				01643EB92890D1AB00B1E8C8 /* DataService.swift in Sources */,
			);
			runOnlyForDeploymentPostprocessing = 0;
		};
/* End PBXSourcesBuildPhase section */

/* Begin PBXVariantGroup section */
		01643EAA2890D17B00B1E8C8 /* Main.storyboard */ = {
			isa = PBXVariantGroup;
			children = (
				01643EAB2890D17B00B1E8C8 /* Base */,
			);
			name = Main.storyboard;
			sourceTree = "<group>";
		};
		01643EAF2890D17D00B1E8C8 /* LaunchScreen.storyboard */ = {
			isa = PBXVariantGroup;
			children = (
				01643EB02890D17D00B1E8C8 /* Base */,
			);
			name = LaunchScreen.storyboard;
			sourceTree = "<group>";
		};
/* End PBXVariantGroup section */

/* Begin XCBuildConfiguration section */
		01643EB32890D17D00B1E8C8 /* Debug */ = {
			isa = XCBuildConfiguration;
			buildSettings = {
				ALWAYS_SEARCH_USER_PATHS = NO;
				CLANG_ANALYZER_NONNULL = YES;
				CLANG_ANALYZER_NUMBER_OBJECT_CONVERSION = YES_AGGRESSIVE;
				CLANG_CXX_LANGUAGE_STANDARD = "gnu++17";
				CLANG_CXX_LIBRARY = "libc++";
				CLANG_ENABLE_MODULES = YES;
				CLANG_ENABLE_OBJC_ARC = YES;
				CLANG_ENABLE_OBJC_WEAK = YES;
				CLANG_WARN_BLOCK_CAPTURE_AUTORELEASING = YES;
				CLANG_WARN_BOOL_CONVERSION = YES;
				CLANG_WARN_COMMA = YES;
				CLANG_WARN_CONSTANT_CONVERSION = YES;
				CLANG_WARN_DEPRECATED_OBJC_IMPLEMENTATIONS = YES;
				CLANG_WARN_DIRECT_OBJC_ISA_USAGE = YES_ERROR;
				CLANG_WARN_DOCUMENTATION_COMMENTS = YES;
				CLANG_WARN_EMPTY_BODY = YES;
				CLANG_WARN_ENUM_CONVERSION = YES;
				CLANG_WARN_INFINITE_RECURSION = YES;
				CLANG_WARN_INT_CONVERSION = YES;
				CLANG_WARN_NON_LITERAL_NULL_CONVERSION = YES;
				CLANG_WARN_OBJC_IMPLICIT_RETAIN_SELF = YES;
				CLANG_WARN_OBJC_LITERAL_CONVERSION = YES;
				CLANG_WARN_OBJC_ROOT_CLASS = YES_ERROR;
				CLANG_WARN_QUOTED_INCLUDE_IN_FRAMEWORK_HEADER = YES;
				CLANG_WARN_RANGE_LOOP_ANALYSIS = YES;
				CLANG_WARN_STRICT_PROTOTYPES = YES;
				CLANG_WARN_SUSPICIOUS_MOVE = YES;
				CLANG_WARN_UNGUARDED_AVAILABILITY = YES_AGGRESSIVE;
				CLANG_WARN_UNREACHABLE_CODE = YES;
				CLANG_WARN__DUPLICATE_METHOD_MATCH = YES;
				COPY_PHASE_STRIP = NO;
				DEBUG_INFORMATION_FORMAT = dwarf;
				ENABLE_STRICT_OBJC_MSGSEND = YES;
				ENABLE_TESTABILITY = YES;
				GCC_C_LANGUAGE_STANDARD = gnu11;
				GCC_DYNAMIC_NO_PIC = NO;
				GCC_NO_COMMON_BLOCKS = YES;
				GCC_OPTIMIZATION_LEVEL = 0;
				GCC_PREPROCESSOR_DEFINITIONS = (
					"DEBUG=1",
					"$(inherited)",
				);
				GCC_WARN_64_TO_32_BIT_CONVERSION = YES;
				GCC_WARN_ABOUT_RETURN_TYPE = YES_ERROR;
				GCC_WARN_UNDECLARED_SELECTOR = YES;
				GCC_WARN_UNINITIALIZED_AUTOS = YES_AGGRESSIVE;
				GCC_WARN_UNUSED_FUNCTION = YES;
				GCC_WARN_UNUSED_VARIABLE = YES;
				IPHONEOS_DEPLOYMENT_TARGET = 15.2;
				MTL_ENABLE_DEBUG_INFO = INCLUDE_SOURCE;
				MTL_FAST_MATH = YES;
				ONLY_ACTIVE_ARCH = YES;
				SDKROOT = iphoneos;
				SWIFT_ACTIVE_COMPILATION_CONDITIONS = DEBUG;
				SWIFT_OPTIMIZATION_LEVEL = "-Onone";
			};
			name = Debug;
		};
		01643EB42890D17D00B1E8C8 /* Release */ = {
			isa = XCBuildConfiguration;
			buildSettings = {
				ALWAYS_SEARCH_USER_PATHS = NO;
				CLANG_ANALYZER_NONNULL = YES;
				CLANG_ANALYZER_NUMBER_OBJECT_CONVERSION = YES_AGGRESSIVE;
				CLANG_CXX_LANGUAGE_STANDARD = "gnu++17";
				CLANG_CXX_LIBRARY = "libc++";
				CLANG_ENABLE_MODULES = YES;
				CLANG_ENABLE_OBJC_ARC = YES;
				CLANG_ENABLE_OBJC_WEAK = YES;
				CLANG_WARN_BLOCK_CAPTURE_AUTORELEASING = YES;
				CLANG_WARN_BOOL_CONVERSION = YES;
				CLANG_WARN_COMMA = YES;
				CLANG_WARN_CONSTANT_CONVERSION = YES;
				CLANG_WARN_DEPRECATED_OBJC_IMPLEMENTATIONS = YES;
				CLANG_WARN_DIRECT_OBJC_ISA_USAGE = YES_ERROR;
				CLANG_WARN_DOCUMENTATION_COMMENTS = YES;
				CLANG_WARN_EMPTY_BODY = YES;
				CLANG_WARN_ENUM_CONVERSION = YES;
				CLANG_WARN_INFINITE_RECURSION = YES;
				CLANG_WARN_INT_CONVERSION = YES;
				CLANG_WARN_NON_LITERAL_NULL_CONVERSION = YES;
				CLANG_WARN_OBJC_IMPLICIT_RETAIN_SELF = YES;
				CLANG_WARN_OBJC_LITERAL_CONVERSION = YES;
				CLANG_WARN_OBJC_ROOT_CLASS = YES_ERROR;
				CLANG_WARN_QUOTED_INCLUDE_IN_FRAMEWORK_HEADER = YES;
				CLANG_WARN_RANGE_LOOP_ANALYSIS = YES;
				CLANG_WARN_STRICT_PROTOTYPES = YES;
				CLANG_WARN_SUSPICIOUS_MOVE = YES;
				CLANG_WARN_UNGUARDED_AVAILABILITY = YES_AGGRESSIVE;
				CLANG_WARN_UNREACHABLE_CODE = YES;
				CLANG_WARN__DUPLICATE_METHOD_MATCH = YES;
				COPY_PHASE_STRIP = NO;
				DEBUG_INFORMATION_FORMAT = "dwarf-with-dsym";
				ENABLE_NS_ASSERTIONS = NO;
				ENABLE_STRICT_OBJC_MSGSEND = YES;
				GCC_C_LANGUAGE_STANDARD = gnu11;
				GCC_NO_COMMON_BLOCKS = YES;
				GCC_WARN_64_TO_32_BIT_CONVERSION = YES;
				GCC_WARN_ABOUT_RETURN_TYPE = YES_ERROR;
				GCC_WARN_UNDECLARED_SELECTOR = YES;
				GCC_WARN_UNINITIALIZED_AUTOS = YES_AGGRESSIVE;
				GCC_WARN_UNUSED_FUNCTION = YES;
				GCC_WARN_UNUSED_VARIABLE = YES;
				IPHONEOS_DEPLOYMENT_TARGET = 15.2;
				MTL_ENABLE_DEBUG_INFO = NO;
				MTL_FAST_MATH = YES;
				SDKROOT = iphoneos;
				SWIFT_COMPILATION_MODE = wholemodule;
				SWIFT_OPTIMIZATION_LEVEL = "-O";
				VALIDATE_PRODUCT = YES;
			};
			name = Release;
		};
		01643EB62890D17D00B1E8C8 /* Debug */ = {
			isa = XCBuildConfiguration;
			buildSettings = {
				ASSETCATALOG_COMPILER_APPICON_NAME = AppIcon;
				ASSETCATALOG_COMPILER_GLOBAL_ACCENT_COLOR_NAME = AccentColor;
				CODE_SIGN_STYLE = Automatic;
				CURRENT_PROJECT_VERSION = 1;
				GENERATE_INFOPLIST_FILE = YES;
				INFOPLIST_FILE = RESThub/Info.plist;
				INFOPLIST_KEY_UIApplicationSupportsIndirectInputEvents = YES;
				INFOPLIST_KEY_UILaunchStoryboardName = LaunchScreen;
				INFOPLIST_KEY_UIMainStoryboardFile = Main;
				INFOPLIST_KEY_UISupportedInterfaceOrientations_iPad = "UIInterfaceOrientationPortrait UIInterfaceOrientationPortraitUpsideDown UIInterfaceOrientationLandscapeLeft UIInterfaceOrientationLandscapeRight";
				INFOPLIST_KEY_UISupportedInterfaceOrientations_iPhone = "UIInterfaceOrientationPortrait UIInterfaceOrientationLandscapeLeft UIInterfaceOrientationLandscapeRight";
				LD_RUNPATH_SEARCH_PATHS = (
					"$(inherited)",
					"@executable_path/Frameworks",
				);
				MARKETING_VERSION = 1.0;
				PRODUCT_BUNDLE_IDENTIFIER = com.systango.RESThub;
				PRODUCT_NAME = "$(TARGET_NAME)";
				SWIFT_EMIT_LOC_STRINGS = YES;
				SWIFT_VERSION = 5.0;
				TARGETED_DEVICE_FAMILY = "1,2";
			};
			name = Debug;
		};
		01643EB72890D17D00B1E8C8 /* Release */ = {
			isa = XCBuildConfiguration;
			buildSettings = {
				ASSETCATALOG_COMPILER_APPICON_NAME = AppIcon;
				ASSETCATALOG_COMPILER_GLOBAL_ACCENT_COLOR_NAME = AccentColor;
				CODE_SIGN_STYLE = Automatic;
				CURRENT_PROJECT_VERSION = 1;
				GENERATE_INFOPLIST_FILE = YES;
				INFOPLIST_FILE = RESThub/Info.plist;
				INFOPLIST_KEY_UIApplicationSupportsIndirectInputEvents = YES;
				INFOPLIST_KEY_UILaunchStoryboardName = LaunchScreen;
				INFOPLIST_KEY_UIMainStoryboardFile = Main;
				INFOPLIST_KEY_UISupportedInterfaceOrientations_iPad = "UIInterfaceOrientationPortrait UIInterfaceOrientationPortraitUpsideDown UIInterfaceOrientationLandscapeLeft UIInterfaceOrientationLandscapeRight";
				INFOPLIST_KEY_UISupportedInterfaceOrientations_iPhone = "UIInterfaceOrientationPortrait UIInterfaceOrientationLandscapeLeft UIInterfaceOrientationLandscapeRight";
				LD_RUNPATH_SEARCH_PATHS = (
					"$(inherited)",
					"@executable_path/Frameworks",
				);
				MARKETING_VERSION = 1.0;
				PRODUCT_BUNDLE_IDENTIFIER = com.systango.RESThub;
				PRODUCT_NAME = "$(TARGET_NAME)";
				SWIFT_EMIT_LOC_STRINGS = YES;
				SWIFT_VERSION = 5.0;
				TARGETED_DEVICE_FAMILY = "1,2";
			};
			name = Release;
		};
/* End XCBuildConfiguration section */

/* Begin XCConfigurationList section */
		01643E9C2890D17B00B1E8C8 /* Build configuration list for PBXProject "RESThub" */ = {
			isa = XCConfigurationList;
			buildConfigurations = (
				01643EB32890D17D00B1E8C8 /* Debug */,
				01643EB42890D17D00B1E8C8 /* Release */,
			);
			defaultConfigurationIsVisible = 0;
			defaultConfigurationName = Release;
		};
		01643EB52890D17D00B1E8C8 /* Build configuration list for PBXNativeTarget "RESThub" */ = {
			isa = XCConfigurationList;
			buildConfigurations = (
				01643EB62890D17D00B1E8C8 /* Debug */,
				01643EB72890D17D00B1E8C8 /* Release */,
			);
			defaultConfigurationIsVisible = 0;
			defaultConfigurationName = Release;
		};
/* End XCConfigurationList section */
	};
	rootObject = 01643E992890D17B00B1E8C8 /* Project object */;
}
